
Microsoft Visual Studio Solution File, Format Version 12.00
Project("{FAE04EC0-301F-11D3-BF4B-00C04F79EFBC}") = "ConsoleOperations", "ConsoleOperations\ConsoleOperations.csproj", "{D8132C17-DBD4-4D19-BA3C-5B38C5D0BC2C}"
EndProject
Project("{FAE04EC0-301F-11D3-BF4B-00C04F79EFBC}") = "IncrementDecrement", "IncrementDecrement\IncrementDecrement.csproj", "{27549075-66C9-4713-AD80-D34ED0A47E2C}"
EndProject
Project("{FAE04EC0-301F-11D3-BF4B-00C04F79EFBC}") = "FirstProgramm", "FirstProgramm\FirstProgramm.csproj", "{AF811EF7-745E-4E4B-96F2-53060BC95B6C}"
EndProject
Project("{FAE04EC0-301F-11D3-BF4B-00C04F79EFBC}") = "ConditionalOperators", "ConditionalOperators\ConditionalOperators.csproj", "{56ED9F79-BC3F-4A09-87E6-854B75E93AAA}"
EndProject
Project("{FAE04EC0-301F-11D3-BF4B-00C04F79EFBC}") = "StringVarConcat", "StringVarConcat\StringVarConcat.csproj", "{40902CE7-E17F-4CA6-B99A-02EE02F2DDBB}"
EndProject
Project("{FAE04EC0-301F-11D3-BF4B-00C04F79EFBC}") = "ConvertTo", "ConvertTo\ConvertTo.csproj", "{0FC786E9-CBF5-4EF7-BE6C-4AB6BA4E9D9B}"
EndProject
Project("{FAE04EC0-301F-11D3-BF4B-00C04F79EFBC}") = "LogicalOperators", "LogicalOperators\LogicalOperators.csproj", "{1D2C0DA3-7CD2-4577-80B5-75EAA5297398}"
EndProject
Project("{FAE04EC0-301F-11D3-BF4B-00C04F79EFBC}") = "SwitchCase", "SwitchCase\SwitchCase.csproj", "{9AF87BC7-C212-48C9-8729-4191DD7DDED7}"
EndProject
Project("{FAE04EC0-301F-11D3-BF4B-00C04F79EFBC}") = "LogicalOperatorsComparison", "LogicalOperatorsComparison\LogicalOperatorsComparison.csproj", "{EA403BA7-3A63-46C8-94B7-A9D90EA28F3A}"
EndProject
Project("{FAE04EC0-301F-11D3-BF4B-00C04F79EFBC}") = "CyclesCsharp", "CyclesCsharp\CyclesCsharp.csproj", "{99580636-325A-40B4-AAAF-F44583BB41D4}"
EndProject
Project("{FAE04EC0-301F-11D3-BF4B-00C04F79EFBC}") = "CyclesPractice", "CyclesPractice\CyclesPractice.csproj", "{CC497252-B459-4982-AC7F-F39F9974E385}"
EndProject
Project("{FAE04EC0-301F-11D3-BF4B-00C04F79EFBC}") = "Random", "Random\Random.csproj", "{051BB696-3576-4958-B284-3CDB1CA1057C}"
EndProject
Project("{FAE04EC0-301F-11D3-BF4B-00C04F79EFBC}") = "RandomGame", "RandomGame\RandomGame.csproj", "{2B6B862D-56FC-4105-8D61-E6D57961C9BB}"
EndProject
Project("{FAE04EC0-301F-11D3-BF4B-00C04F79EFBC}") = "RandomFightGladiators", "RandomFightGladiators\RandomFightGladiators.csproj", "{0A720623-DEDF-4619-898C-89888D627E22}"
EndProject
Project("{2150E333-8FDC-42A3-9474-1A3956D46DE8}") = "UnityPractice", "UnityPractice", "{8C57ACEE-BC75-497A-86FB-61A8F275ADAF}"
EndProject
Project("{FAE04EC0-301F-11D3-BF4B-00C04F79EFBC}") = "ConsoleOutputPractice", "ConsoleOutputPractice\ConsoleOutputPractice.csproj", "{01BDF3C9-0784-4883-A236-C482017F5709}"
EndProject
Project("{FAE04EC0-301F-11D3-BF4B-00C04F79EFBC}") = "Arrays", "Arrays\Arrays.csproj", "{266A7835-ECEC-4C08-8A9E-E70E74C519D0}"
EndProject
Project("{FAE04EC0-301F-11D3-BF4B-00C04F79EFBC}") = "ArraysPractice", "ArraysPractice\ArraysPractice.csproj", "{DDBC800F-37FA-4BB8-91C9-2D80464C749D}"
EndProject
Project("{FAE04EC0-301F-11D3-BF4B-00C04F79EFBC}") = "ArraysAirPlanesPractice", "ArraysAirPlanesPractice\ArraysAirPlanesPractice.csproj", "{EC3B9430-16D6-49E7-B280-E6F6B94BC9DF}"
EndProject
Project("{FAE04EC0-301F-11D3-BF4B-00C04F79EFBC}") = "MultidimensionalArrays", "MultidimensionalArrays\MultidimensionalArrays.csproj", "{7705B6C6-B5A7-4419-A675-DCE32AB90317}"
EndProject
Project("{FAE04EC0-301F-11D3-BF4B-00C04F79EFBC}") = "MultiDimensionalArraysPractice", "MultiDimensionalArraysPractice\MultiDimensionalArraysPractice.csproj", "{47B89A99-341A-4D54-A7D6-AB517A34EDD7}"
EndProject
Project("{FAE04EC0-301F-11D3-BF4B-00C04F79EFBC}") = "ArrayAndTempArray", "ArrayAndTempArray\ArrayAndTempArray.csproj", "{BA50ADB0-44C0-4889-AA27-C437364AA59C}"
EndProject
Project("{FAE04EC0-301F-11D3-BF4B-00C04F79EFBC}") = "ArraysExpansion", "ArraysExpansion\ArraysExpansion.csproj", "{679BB21B-92A1-474E-9001-25EC8D2C9237}"
EndProject
Project("{FAE04EC0-301F-11D3-BF4B-00C04F79EFBC}") = "AdventureGame", "AdventureGame\AdventureGame.csproj", "{E8BFA574-B30E-4907-9367-8BDE486EE296}"
EndProject
Project("{FAE04EC0-301F-11D3-BF4B-00C04F79EFBC}") = "StringCharArrrays", "StringCharArrrays\StringCharArrrays.csproj", "{309128D7-1984-4A7F-B227-3800EFB95D57}"
EndProject
Project("{FAE04EC0-301F-11D3-BF4B-00C04F79EFBC}") = "Functions", "Functions\Functions.csproj", "{0FAD60B4-F3F6-41A4-8AE2-9FC74D4BCEFF}"
EndProject
Project("{FAE04EC0-301F-11D3-BF4B-00C04F79EFBC}") = "FunctionExampleAnother", "FunctionExampleAnother\FunctionExampleAnother.csproj", "{4D8012B2-CDFC-4536-9ACF-BC7AE473A1E8}"
EndProject
Project("{FAE04EC0-301F-11D3-BF4B-00C04F79EFBC}") = "RefOutFunctions", "RefOutFunctions\RefOutFunctions.csproj", "{7447EE21-DE77-4A99-A2A6-0D475F6C897B}"
EndProject
Project("{FAE04EC0-301F-11D3-BF4B-00C04F79EFBC}") = "Override", "Override\Override.csproj", "{640EA68B-8300-412F-AB03-C25121132D67}"
EndProject
Global
	GlobalSection(SolutionConfigurationPlatforms) = preSolution
		Debug|Any CPU = Debug|Any CPU
		Release|Any CPU = Release|Any CPU
	EndGlobalSection
	GlobalSection(ProjectConfigurationPlatforms) = postSolution
		{D8132C17-DBD4-4D19-BA3C-5B38C5D0BC2C}.Debug|Any CPU.ActiveCfg = Debug|Any CPU
		{D8132C17-DBD4-4D19-BA3C-5B38C5D0BC2C}.Debug|Any CPU.Build.0 = Debug|Any CPU
		{D8132C17-DBD4-4D19-BA3C-5B38C5D0BC2C}.Release|Any CPU.ActiveCfg = Release|Any CPU
		{D8132C17-DBD4-4D19-BA3C-5B38C5D0BC2C}.Release|Any CPU.Build.0 = Release|Any CPU
		{27549075-66C9-4713-AD80-D34ED0A47E2C}.Debug|Any CPU.ActiveCfg = Debug|Any CPU
		{27549075-66C9-4713-AD80-D34ED0A47E2C}.Debug|Any CPU.Build.0 = Debug|Any CPU
		{27549075-66C9-4713-AD80-D34ED0A47E2C}.Release|Any CPU.ActiveCfg = Release|Any CPU
		{27549075-66C9-4713-AD80-D34ED0A47E2C}.Release|Any CPU.Build.0 = Release|Any CPU
		{AF811EF7-745E-4E4B-96F2-53060BC95B6C}.Debug|Any CPU.ActiveCfg = Debug|Any CPU
		{AF811EF7-745E-4E4B-96F2-53060BC95B6C}.Debug|Any CPU.Build.0 = Debug|Any CPU
		{AF811EF7-745E-4E4B-96F2-53060BC95B6C}.Release|Any CPU.ActiveCfg = Release|Any CPU
		{AF811EF7-745E-4E4B-96F2-53060BC95B6C}.Release|Any CPU.Build.0 = Release|Any CPU
		{56ED9F79-BC3F-4A09-87E6-854B75E93AAA}.Debug|Any CPU.ActiveCfg = Debug|Any CPU
		{56ED9F79-BC3F-4A09-87E6-854B75E93AAA}.Debug|Any CPU.Build.0 = Debug|Any CPU
		{56ED9F79-BC3F-4A09-87E6-854B75E93AAA}.Release|Any CPU.ActiveCfg = Release|Any CPU
		{56ED9F79-BC3F-4A09-87E6-854B75E93AAA}.Release|Any CPU.Build.0 = Release|Any CPU
		{40902CE7-E17F-4CA6-B99A-02EE02F2DDBB}.Debug|Any CPU.ActiveCfg = Debug|Any CPU
		{40902CE7-E17F-4CA6-B99A-02EE02F2DDBB}.Debug|Any CPU.Build.0 = Debug|Any CPU
		{40902CE7-E17F-4CA6-B99A-02EE02F2DDBB}.Release|Any CPU.ActiveCfg = Release|Any CPU
		{40902CE7-E17F-4CA6-B99A-02EE02F2DDBB}.Release|Any CPU.Build.0 = Release|Any CPU
		{0FC786E9-CBF5-4EF7-BE6C-4AB6BA4E9D9B}.Debug|Any CPU.ActiveCfg = Debug|Any CPU
		{0FC786E9-CBF5-4EF7-BE6C-4AB6BA4E9D9B}.Debug|Any CPU.Build.0 = Debug|Any CPU
		{0FC786E9-CBF5-4EF7-BE6C-4AB6BA4E9D9B}.Release|Any CPU.ActiveCfg = Release|Any CPU
		{0FC786E9-CBF5-4EF7-BE6C-4AB6BA4E9D9B}.Release|Any CPU.Build.0 = Release|Any CPU
		{1D2C0DA3-7CD2-4577-80B5-75EAA5297398}.Debug|Any CPU.ActiveCfg = Debug|Any CPU
		{1D2C0DA3-7CD2-4577-80B5-75EAA5297398}.Debug|Any CPU.Build.0 = Debug|Any CPU
		{1D2C0DA3-7CD2-4577-80B5-75EAA5297398}.Release|Any CPU.ActiveCfg = Release|Any CPU
		{1D2C0DA3-7CD2-4577-80B5-75EAA5297398}.Release|Any CPU.Build.0 = Release|Any CPU
		{9AF87BC7-C212-48C9-8729-4191DD7DDED7}.Debug|Any CPU.ActiveCfg = Debug|Any CPU
		{9AF87BC7-C212-48C9-8729-4191DD7DDED7}.Debug|Any CPU.Build.0 = Debug|Any CPU
		{9AF87BC7-C212-48C9-8729-4191DD7DDED7}.Release|Any CPU.ActiveCfg = Release|Any CPU
		{9AF87BC7-C212-48C9-8729-4191DD7DDED7}.Release|Any CPU.Build.0 = Release|Any CPU
		{EA403BA7-3A63-46C8-94B7-A9D90EA28F3A}.Debug|Any CPU.ActiveCfg = Debug|Any CPU
		{EA403BA7-3A63-46C8-94B7-A9D90EA28F3A}.Debug|Any CPU.Build.0 = Debug|Any CPU
		{EA403BA7-3A63-46C8-94B7-A9D90EA28F3A}.Release|Any CPU.ActiveCfg = Release|Any CPU
		{EA403BA7-3A63-46C8-94B7-A9D90EA28F3A}.Release|Any CPU.Build.0 = Release|Any CPU
		{99580636-325A-40B4-AAAF-F44583BB41D4}.Debug|Any CPU.ActiveCfg = Debug|Any CPU
		{99580636-325A-40B4-AAAF-F44583BB41D4}.Debug|Any CPU.Build.0 = Debug|Any CPU
		{99580636-325A-40B4-AAAF-F44583BB41D4}.Release|Any CPU.ActiveCfg = Release|Any CPU
		{99580636-325A-40B4-AAAF-F44583BB41D4}.Release|Any CPU.Build.0 = Release|Any CPU
		{CC497252-B459-4982-AC7F-F39F9974E385}.Debug|Any CPU.ActiveCfg = Debug|Any CPU
		{CC497252-B459-4982-AC7F-F39F9974E385}.Debug|Any CPU.Build.0 = Debug|Any CPU
		{CC497252-B459-4982-AC7F-F39F9974E385}.Release|Any CPU.ActiveCfg = Release|Any CPU
		{CC497252-B459-4982-AC7F-F39F9974E385}.Release|Any CPU.Build.0 = Release|Any CPU
		{051BB696-3576-4958-B284-3CDB1CA1057C}.Debug|Any CPU.ActiveCfg = Debug|Any CPU
		{051BB696-3576-4958-B284-3CDB1CA1057C}.Debug|Any CPU.Build.0 = Debug|Any CPU
		{051BB696-3576-4958-B284-3CDB1CA1057C}.Release|Any CPU.ActiveCfg = Release|Any CPU
		{051BB696-3576-4958-B284-3CDB1CA1057C}.Release|Any CPU.Build.0 = Release|Any CPU
		{2B6B862D-56FC-4105-8D61-E6D57961C9BB}.Debug|Any CPU.ActiveCfg = Debug|Any CPU
		{2B6B862D-56FC-4105-8D61-E6D57961C9BB}.Debug|Any CPU.Build.0 = Debug|Any CPU
		{2B6B862D-56FC-4105-8D61-E6D57961C9BB}.Release|Any CPU.ActiveCfg = Release|Any CPU
		{2B6B862D-56FC-4105-8D61-E6D57961C9BB}.Release|Any CPU.Build.0 = Release|Any CPU
		{0A720623-DEDF-4619-898C-89888D627E22}.Debug|Any CPU.ActiveCfg = Debug|Any CPU
		{0A720623-DEDF-4619-898C-89888D627E22}.Debug|Any CPU.Build.0 = Debug|Any CPU
		{0A720623-DEDF-4619-898C-89888D627E22}.Release|Any CPU.ActiveCfg = Release|Any CPU
		{0A720623-DEDF-4619-898C-89888D627E22}.Release|Any CPU.Build.0 = Release|Any CPU
		{01BDF3C9-0784-4883-A236-C482017F5709}.Debug|Any CPU.ActiveCfg = Debug|Any CPU
		{01BDF3C9-0784-4883-A236-C482017F5709}.Debug|Any CPU.Build.0 = Debug|Any CPU
		{01BDF3C9-0784-4883-A236-C482017F5709}.Release|Any CPU.ActiveCfg = Release|Any CPU
		{01BDF3C9-0784-4883-A236-C482017F5709}.Release|Any CPU.Build.0 = Release|Any CPU
		{266A7835-ECEC-4C08-8A9E-E70E74C519D0}.Debug|Any CPU.ActiveCfg = Debug|Any CPU
		{266A7835-ECEC-4C08-8A9E-E70E74C519D0}.Debug|Any CPU.Build.0 = Debug|Any CPU
		{266A7835-ECEC-4C08-8A9E-E70E74C519D0}.Release|Any CPU.ActiveCfg = Release|Any CPU
		{266A7835-ECEC-4C08-8A9E-E70E74C519D0}.Release|Any CPU.Build.0 = Release|Any CPU
		{DDBC800F-37FA-4BB8-91C9-2D80464C749D}.Debug|Any CPU.ActiveCfg = Debug|Any CPU
		{DDBC800F-37FA-4BB8-91C9-2D80464C749D}.Debug|Any CPU.Build.0 = Debug|Any CPU
		{DDBC800F-37FA-4BB8-91C9-2D80464C749D}.Release|Any CPU.ActiveCfg = Release|Any CPU
		{DDBC800F-37FA-4BB8-91C9-2D80464C749D}.Release|Any CPU.Build.0 = Release|Any CPU
		{EC3B9430-16D6-49E7-B280-E6F6B94BC9DF}.Debug|Any CPU.ActiveCfg = Debug|Any CPU
		{EC3B9430-16D6-49E7-B280-E6F6B94BC9DF}.Debug|Any CPU.Build.0 = Debug|Any CPU
		{EC3B9430-16D6-49E7-B280-E6F6B94BC9DF}.Release|Any CPU.ActiveCfg = Release|Any CPU
		{EC3B9430-16D6-49E7-B280-E6F6B94BC9DF}.Release|Any CPU.Build.0 = Release|Any CPU
		{7705B6C6-B5A7-4419-A675-DCE32AB90317}.Debug|Any CPU.ActiveCfg = Debug|Any CPU
		{7705B6C6-B5A7-4419-A675-DCE32AB90317}.Debug|Any CPU.Build.0 = Debug|Any CPU
		{7705B6C6-B5A7-4419-A675-DCE32AB90317}.Release|Any CPU.ActiveCfg = Release|Any CPU
		{7705B6C6-B5A7-4419-A675-DCE32AB90317}.Release|Any CPU.Build.0 = Release|Any CPU
		{47B89A99-341A-4D54-A7D6-AB517A34EDD7}.Debug|Any CPU.ActiveCfg = Debug|Any CPU
		{47B89A99-341A-4D54-A7D6-AB517A34EDD7}.Debug|Any CPU.Build.0 = Debug|Any CPU
		{47B89A99-341A-4D54-A7D6-AB517A34EDD7}.Release|Any CPU.ActiveCfg = Release|Any CPU
		{47B89A99-341A-4D54-A7D6-AB517A34EDD7}.Release|Any CPU.Build.0 = Release|Any CPU
		{BA50ADB0-44C0-4889-AA27-C437364AA59C}.Debug|Any CPU.ActiveCfg = Debug|Any CPU
		{BA50ADB0-44C0-4889-AA27-C437364AA59C}.Debug|Any CPU.Build.0 = Debug|Any CPU
		{BA50ADB0-44C0-4889-AA27-C437364AA59C}.Release|Any CPU.ActiveCfg = Release|Any CPU
		{BA50ADB0-44C0-4889-AA27-C437364AA59C}.Release|Any CPU.Build.0 = Release|Any CPU
		{679BB21B-92A1-474E-9001-25EC8D2C9237}.Debug|Any CPU.ActiveCfg = Debug|Any CPU
		{679BB21B-92A1-474E-9001-25EC8D2C9237}.Debug|Any CPU.Build.0 = Debug|Any CPU
		{679BB21B-92A1-474E-9001-25EC8D2C9237}.Release|Any CPU.ActiveCfg = Release|Any CPU
		{679BB21B-92A1-474E-9001-25EC8D2C9237}.Release|Any CPU.Build.0 = Release|Any CPU
		{E8BFA574-B30E-4907-9367-8BDE486EE296}.Debug|Any CPU.ActiveCfg = Debug|Any CPU
		{E8BFA574-B30E-4907-9367-8BDE486EE296}.Debug|Any CPU.Build.0 = Debug|Any CPU
		{E8BFA574-B30E-4907-9367-8BDE486EE296}.Release|Any CPU.ActiveCfg = Release|Any CPU
		{E8BFA574-B30E-4907-9367-8BDE486EE296}.Release|Any CPU.Build.0 = Release|Any CPU
		{309128D7-1984-4A7F-B227-3800EFB95D57}.Debug|Any CPU.ActiveCfg = Debug|Any CPU
		{309128D7-1984-4A7F-B227-3800EFB95D57}.Debug|Any CPU.Build.0 = Debug|Any CPU
		{309128D7-1984-4A7F-B227-3800EFB95D57}.Release|Any CPU.ActiveCfg = Release|Any CPU
		{309128D7-1984-4A7F-B227-3800EFB95D57}.Release|Any CPU.Build.0 = Release|Any CPU
		{0FAD60B4-F3F6-41A4-8AE2-9FC74D4BCEFF}.Debug|Any CPU.ActiveCfg = Debug|Any CPU
		{0FAD60B4-F3F6-41A4-8AE2-9FC74D4BCEFF}.Debug|Any CPU.Build.0 = Debug|Any CPU
		{0FAD60B4-F3F6-41A4-8AE2-9FC74D4BCEFF}.Release|Any CPU.ActiveCfg = Release|Any CPU
		{0FAD60B4-F3F6-41A4-8AE2-9FC74D4BCEFF}.Release|Any CPU.Build.0 = Release|Any CPU
		{4D8012B2-CDFC-4536-9ACF-BC7AE473A1E8}.Debug|Any CPU.ActiveCfg = Debug|Any CPU
		{4D8012B2-CDFC-4536-9ACF-BC7AE473A1E8}.Debug|Any CPU.Build.0 = Debug|Any CPU
		{4D8012B2-CDFC-4536-9ACF-BC7AE473A1E8}.Release|Any CPU.ActiveCfg = Release|Any CPU
		{4D8012B2-CDFC-4536-9ACF-BC7AE473A1E8}.Release|Any CPU.Build.0 = Release|Any CPU
		{7447EE21-DE77-4A99-A2A6-0D475F6C897B}.Debug|Any CPU.ActiveCfg = Debug|Any CPU
		{7447EE21-DE77-4A99-A2A6-0D475F6C897B}.Debug|Any CPU.Build.0 = Debug|Any CPU
		{7447EE21-DE77-4A99-A2A6-0D475F6C897B}.Release|Any CPU.ActiveCfg = Release|Any CPU
		{7447EE21-DE77-4A99-A2A6-0D475F6C897B}.Release|Any CPU.Build.0 = Release|Any CPU
		{640EA68B-8300-412F-AB03-C25121132D67}.Debug|Any CPU.ActiveCfg = Debug|Any CPU
		{640EA68B-8300-412F-AB03-C25121132D67}.Debug|Any CPU.Build.0 = Debug|Any CPU
		{640EA68B-8300-412F-AB03-C25121132D67}.Release|Any CPU.ActiveCfg = Release|Any CPU
		{640EA68B-8300-412F-AB03-C25121132D67}.Release|Any CPU.Build.0 = Release|Any CPU
	EndGlobalSection
	GlobalSection(NestedProjects) = preSolution
	EndGlobalSection
EndGlobal
