
Microsoft Visual Studio Solution File, Format Version 12.00
Project("{FAE04EC0-301F-11D3-BF4B-00C04F79EFBC}") = "ConsoleOperations", "ConsoleOperations\ConsoleOperations.csproj", "{D8132C17-DBD4-4D19-BA3C-5B38C5D0BC2C}"
EndProject
Project("{FAE04EC0-301F-11D3-BF4B-00C04F79EFBC}") = "IncrementDecrement", "IncrementDecrement\IncrementDecrement.csproj", "{27549075-66C9-4713-AD80-D34ED0A47E2C}"
EndProject
Project("{FAE04EC0-301F-11D3-BF4B-00C04F79EFBC}") = "FirstProgramm", "FirstProgramm\FirstProgramm.csproj", "{AF811EF7-745E-4E4B-96F2-53060BC95B6C}"
EndProject
Project("{FAE04EC0-301F-11D3-BF4B-00C04F79EFBC}") = "ConditionalOperators", "ConditionalOperators\ConditionalOperators.csproj", "{56ED9F79-BC3F-4A09-87E6-854B75E93AAA}"
EndProject
Project("{FAE04EC0-301F-11D3-BF4B-00C04F79EFBC}") = "StringVarConcat", "StringVarConcat\StringVarConcat.csproj", "{40902CE7-E17F-4CA6-B99A-02EE02F2DDBB}"
EndProject
Project("{FAE04EC0-301F-11D3-BF4B-00C04F79EFBC}") = "ConvertTo", "ConvertTo\ConvertTo.csproj", "{0FC786E9-CBF5-4EF7-BE6C-4AB6BA4E9D9B}"
EndProject
Project("{FAE04EC0-301F-11D3-BF4B-00C04F79EFBC}") = "LogicalOperators", "LogicalOperators\LogicalOperators.csproj", "{1D2C0DA3-7CD2-4577-80B5-75EAA5297398}"
EndProject
Project("{FAE04EC0-301F-11D3-BF4B-00C04F79EFBC}") = "SwitchCase", "SwitchCase\SwitchCase.csproj", "{9AF87BC7-C212-48C9-8729-4191DD7DDED7}"
EndProject
Project("{FAE04EC0-301F-11D3-BF4B-00C04F79EFBC}") = "LogicalOperatorsComparison", "LogicalOperatorsComparison\LogicalOperatorsComparison.csproj", "{EA403BA7-3A63-46C8-94B7-A9D90EA28F3A}"
EndProject
Project("{FAE04EC0-301F-11D3-BF4B-00C04F79EFBC}") = "CyclesCsharp", "CyclesCsharp\CyclesCsharp.csproj", "{99580636-325A-40B4-AAAF-F44583BB41D4}"
EndProject
Project("{FAE04EC0-301F-11D3-BF4B-00C04F79EFBC}") = "CyclesPractice", "CyclesPractice\CyclesPractice.csproj", "{CC497252-B459-4982-AC7F-F39F9974E385}"
EndProject
Global
	GlobalSection(SolutionConfigurationPlatforms) = preSolution
		Debug|Any CPU = Debug|Any CPU
		Release|Any CPU = Release|Any CPU
	EndGlobalSection
	GlobalSection(ProjectConfigurationPlatforms) = postSolution
		{D8132C17-DBD4-4D19-BA3C-5B38C5D0BC2C}.Debug|Any CPU.ActiveCfg = Debug|Any CPU
		{D8132C17-DBD4-4D19-BA3C-5B38C5D0BC2C}.Debug|Any CPU.Build.0 = Debug|Any CPU
		{D8132C17-DBD4-4D19-BA3C-5B38C5D0BC2C}.Release|Any CPU.ActiveCfg = Release|Any CPU
		{D8132C17-DBD4-4D19-BA3C-5B38C5D0BC2C}.Release|Any CPU.Build.0 = Release|Any CPU
		{27549075-66C9-4713-AD80-D34ED0A47E2C}.Debug|Any CPU.ActiveCfg = Debug|Any CPU
		{27549075-66C9-4713-AD80-D34ED0A47E2C}.Debug|Any CPU.Build.0 = Debug|Any CPU
		{27549075-66C9-4713-AD80-D34ED0A47E2C}.Release|Any CPU.ActiveCfg = Release|Any CPU
		{27549075-66C9-4713-AD80-D34ED0A47E2C}.Release|Any CPU.Build.0 = Release|Any CPU
		{AF811EF7-745E-4E4B-96F2-53060BC95B6C}.Debug|Any CPU.ActiveCfg = Debug|Any CPU
		{AF811EF7-745E-4E4B-96F2-53060BC95B6C}.Debug|Any CPU.Build.0 = Debug|Any CPU
		{AF811EF7-745E-4E4B-96F2-53060BC95B6C}.Release|Any CPU.ActiveCfg = Release|Any CPU
		{AF811EF7-745E-4E4B-96F2-53060BC95B6C}.Release|Any CPU.Build.0 = Release|Any CPU
		{56ED9F79-BC3F-4A09-87E6-854B75E93AAA}.Debug|Any CPU.ActiveCfg = Debug|Any CPU
		{56ED9F79-BC3F-4A09-87E6-854B75E93AAA}.Debug|Any CPU.Build.0 = Debug|Any CPU
		{56ED9F79-BC3F-4A09-87E6-854B75E93AAA}.Release|Any CPU.ActiveCfg = Release|Any CPU
		{56ED9F79-BC3F-4A09-87E6-854B75E93AAA}.Release|Any CPU.Build.0 = Release|Any CPU
		{40902CE7-E17F-4CA6-B99A-02EE02F2DDBB}.Debug|Any CPU.ActiveCfg = Debug|Any CPU
		{40902CE7-E17F-4CA6-B99A-02EE02F2DDBB}.Debug|Any CPU.Build.0 = Debug|Any CPU
		{40902CE7-E17F-4CA6-B99A-02EE02F2DDBB}.Release|Any CPU.ActiveCfg = Release|Any CPU
		{40902CE7-E17F-4CA6-B99A-02EE02F2DDBB}.Release|Any CPU.Build.0 = Release|Any CPU
		{0FC786E9-CBF5-4EF7-BE6C-4AB6BA4E9D9B}.Debug|Any CPU.ActiveCfg = Debug|Any CPU
		{0FC786E9-CBF5-4EF7-BE6C-4AB6BA4E9D9B}.Debug|Any CPU.Build.0 = Debug|Any CPU
		{0FC786E9-CBF5-4EF7-BE6C-4AB6BA4E9D9B}.Release|Any CPU.ActiveCfg = Release|Any CPU
		{0FC786E9-CBF5-4EF7-BE6C-4AB6BA4E9D9B}.Release|Any CPU.Build.0 = Release|Any CPU
		{1D2C0DA3-7CD2-4577-80B5-75EAA5297398}.Debug|Any CPU.ActiveCfg = Debug|Any CPU
		{1D2C0DA3-7CD2-4577-80B5-75EAA5297398}.Debug|Any CPU.Build.0 = Debug|Any CPU
		{1D2C0DA3-7CD2-4577-80B5-75EAA5297398}.Release|Any CPU.ActiveCfg = Release|Any CPU
		{1D2C0DA3-7CD2-4577-80B5-75EAA5297398}.Release|Any CPU.Build.0 = Release|Any CPU
		{9AF87BC7-C212-48C9-8729-4191DD7DDED7}.Debug|Any CPU.ActiveCfg = Debug|Any CPU
		{9AF87BC7-C212-48C9-8729-4191DD7DDED7}.Debug|Any CPU.Build.0 = Debug|Any CPU
		{9AF87BC7-C212-48C9-8729-4191DD7DDED7}.Release|Any CPU.ActiveCfg = Release|Any CPU
		{9AF87BC7-C212-48C9-8729-4191DD7DDED7}.Release|Any CPU.Build.0 = Release|Any CPU
		{EA403BA7-3A63-46C8-94B7-A9D90EA28F3A}.Debug|Any CPU.ActiveCfg = Debug|Any CPU
		{EA403BA7-3A63-46C8-94B7-A9D90EA28F3A}.Debug|Any CPU.Build.0 = Debug|Any CPU
		{EA403BA7-3A63-46C8-94B7-A9D90EA28F3A}.Release|Any CPU.ActiveCfg = Release|Any CPU
		{EA403BA7-3A63-46C8-94B7-A9D90EA28F3A}.Release|Any CPU.Build.0 = Release|Any CPU
		{99580636-325A-40B4-AAAF-F44583BB41D4}.Debug|Any CPU.ActiveCfg = Debug|Any CPU
		{99580636-325A-40B4-AAAF-F44583BB41D4}.Debug|Any CPU.Build.0 = Debug|Any CPU
		{99580636-325A-40B4-AAAF-F44583BB41D4}.Release|Any CPU.ActiveCfg = Release|Any CPU
		{99580636-325A-40B4-AAAF-F44583BB41D4}.Release|Any CPU.Build.0 = Release|Any CPU
		{CC497252-B459-4982-AC7F-F39F9974E385}.Debug|Any CPU.ActiveCfg = Debug|Any CPU
		{CC497252-B459-4982-AC7F-F39F9974E385}.Debug|Any CPU.Build.0 = Debug|Any CPU
		{CC497252-B459-4982-AC7F-F39F9974E385}.Release|Any CPU.ActiveCfg = Release|Any CPU
		{CC497252-B459-4982-AC7F-F39F9974E385}.Release|Any CPU.Build.0 = Release|Any CPU
	EndGlobalSection
EndGlobal
